// !$*UTF8*$!
{
	archiveVersion = 1;
	classes = {
	};
	objectVersion = 46;
	objects = {

/* Begin PBXBuildFile section */
		6F0CB8261EB97D4F00D038C9 /* FingerPasswordHelper.swift in Sources */ = {isa = PBXBuildFile; fileRef = 6F0CB8251EB97D4F00D038C9 /* FingerPasswordHelper.swift */; };
		6F1EAD671DED58370038B041 /* AppDelegate.swift in Sources */ = {isa = PBXBuildFile; fileRef = 6F1EAD661DED58370038B041 /* AppDelegate.swift */; };
		6F1EAD691DED58370038B041 /* ViewController.swift in Sources */ = {isa = PBXBuildFile; fileRef = 6F1EAD681DED58370038B041 /* ViewController.swift */; };
		6F1EAD6C1DED58370038B041 /* Main.storyboard in Resources */ = {isa = PBXBuildFile; fileRef = 6F1EAD6A1DED58370038B041 /* Main.storyboard */; };
		6F1EAD6E1DED58370038B041 /* Assets.xcassets in Resources */ = {isa = PBXBuildFile; fileRef = 6F1EAD6D1DED58370038B041 /* Assets.xcassets */; };
		6F1EAD711DED58370038B041 /* LaunchScreen.storyboard in Resources */ = {isa = PBXBuildFile; fileRef = 6F1EAD6F1DED58370038B041 /* LaunchScreen.storyboard */; };
		6F1EAD7B1DED5A360038B041 /* ViewControllerTwo.m in Sources */ = {isa = PBXBuildFile; fileRef = 6F1EAD7A1DED5A360038B041 /* ViewControllerTwo.m */; };
		6FC7DA881DF120D800C4E717 /* btnViewOne.xib in Resources */ = {isa = PBXBuildFile; fileRef = 6FC7DA871DF120D800C4E717 /* btnViewOne.xib */; };
/* End PBXBuildFile section */

/* Begin PBXFileReference section */
		6F0CB8251EB97D4F00D038C9 /* FingerPasswordHelper.swift */ = {isa = PBXFileReference; fileEncoding = 4; lastKnownFileType = sourcecode.swift; path = FingerPasswordHelper.swift; sourceTree = "<group>"; };
		6F1EAD631DED58370038B041 /* FingerPrintDemo.app */ = {isa = PBXFileReference; explicitFileType = wrapper.application; includeInIndex = 0; path = FingerPrintDemo.app; sourceTree = BUILT_PRODUCTS_DIR; };
		6F1EAD661DED58370038B041 /* AppDelegate.swift */ = {isa = PBXFileReference; lastKnownFileType = sourcecode.swift; path = AppDelegate.swift; sourceTree = "<group>"; };
		6F1EAD681DED58370038B041 /* ViewController.swift */ = {isa = PBXFileReference; lastKnownFileType = sourcecode.swift; path = ViewController.swift; sourceTree = "<group>"; };
		6F1EAD6B1DED58370038B041 /* Base */ = {isa = PBXFileReference; lastKnownFileType = file.storyboard; name = Base; path = Base.lproj/Main.storyboard; sourceTree = "<group>"; };
		6F1EAD6D1DED58370038B041 /* Assets.xcassets */ = {isa = PBXFileReference; lastKnownFileType = folder.assetcatalog; path = Assets.xcassets; sourceTree = "<group>"; };
		6F1EAD701DED58370038B041 /* Base */ = {isa = PBXFileReference; lastKnownFileType = file.storyboard; name = Base; path = Base.lproj/LaunchScreen.storyboard; sourceTree = "<group>"; };
		6F1EAD721DED58370038B041 /* Info.plist */ = {isa = PBXFileReference; lastKnownFileType = text.plist.xml; path = Info.plist; sourceTree = "<group>"; };
		6F1EAD781DED5A350038B041 /* FingerPrintDemo-Bridging-Header.h */ = {isa = PBXFileReference; lastKnownFileType = sourcecode.c.h; path = "FingerPrintDemo-Bridging-Header.h"; sourceTree = "<group>"; };
		6F1EAD791DED5A360038B041 /* ViewControllerTwo.h */ = {isa = PBXFileReference; fileEncoding = 4; lastKnownFileType = sourcecode.c.h; path = ViewControllerTwo.h; sourceTree = "<group>"; };
		6F1EAD7A1DED5A360038B041 /* ViewControllerTwo.m */ = {isa = PBXFileReference; fileEncoding = 4; lastKnownFileType = sourcecode.c.objc; path = ViewControllerTwo.m; sourceTree = "<group>"; };
		6FC7DA871DF120D800C4E717 /* btnViewOne.xib */ = {isa = PBXFileReference; fileEncoding = 4; lastKnownFileType = file.xib; path = btnViewOne.xib; sourceTree = "<group>"; };
/* End PBXFileReference section */

/* Begin PBXFrameworksBuildPhase section */
		6F1EAD601DED58370038B041 /* Frameworks */ = {
			isa = PBXFrameworksBuildPhase;
			buildActionMask = 2147483647;
			files = (
			);
			runOnlyForDeploymentPostprocessing = 0;
		};
/* End PBXFrameworksBuildPhase section */

/* Begin PBXGroup section */
		6F1EAD5A1DED58370038B041 = {
			isa = PBXGroup;
			children = (
				6F1EAD651DED58370038B041 /* FingerPrintDemo */,
				6F1EAD641DED58370038B041 /* Products */,
			);
			sourceTree = "<group>";
		};
		6F1EAD641DED58370038B041 /* Products */ = {
			isa = PBXGroup;
			children = (
				6F1EAD631DED58370038B041 /* FingerPrintDemo.app */,
			);
			name = Products;
			sourceTree = "<group>";
		};
		6F1EAD651DED58370038B041 /* FingerPrintDemo */ = {
			isa = PBXGroup;
			children = (
				6F1EAD661DED58370038B041 /* AppDelegate.swift */,
				6F1EAD681DED58370038B041 /* ViewController.swift */,
				6F0CB8251EB97D4F00D038C9 /* FingerPasswordHelper.swift */,
				6F1EAD791DED5A360038B041 /* ViewControllerTwo.h */,
				6F1EAD7A1DED5A360038B041 /* ViewControllerTwo.m */,
				6F1EAD781DED5A350038B041 /* FingerPrintDemo-Bridging-Header.h */,
				6F1EAD6A1DED58370038B041 /* Main.storyboard */,
				6F1EAD6D1DED58370038B041 /* Assets.xcassets */,
				6F1EAD6F1DED58370038B041 /* LaunchScreen.storyboard */,
				6F1EAD721DED58370038B041 /* Info.plist */,
				6FC7DA871DF120D800C4E717 /* btnViewOne.xib */,
			);
			path = FingerPrintDemo;
			sourceTree = "<group>";
		};
/* End PBXGroup section */

/* Begin PBXNativeTarget section */
		6F1EAD621DED58370038B041 /* FingerPrintDemo */ = {
			isa = PBXNativeTarget;
			buildConfigurationList = 6F1EAD751DED58370038B041 /* Build configuration list for PBXNativeTarget "FingerPrintDemo" */;
			buildPhases = (
				6F1EAD5F1DED58370038B041 /* Sources */,
				6F1EAD601DED58370038B041 /* Frameworks */,
				6F1EAD611DED58370038B041 /* Resources */,
			);
			buildRules = (
			);
			dependencies = (
			);
			name = FingerPrintDemo;
			productName = FingerPrintDemo;
			productReference = 6F1EAD631DED58370038B041 /* FingerPrintDemo.app */;
			productType = "com.apple.product-type.application";
		};
/* End PBXNativeTarget section */

/* Begin PBXProject section */
		6F1EAD5B1DED58370038B041 /* Project object */ = {
			isa = PBXProject;
			attributes = {
				LastSwiftUpdateCheck = 0810;
				LastUpgradeCheck = 0810;
				ORGANIZATIONNAME = yanghuang;
				TargetAttributes = {
					6F1EAD621DED58370038B041 = {
						CreatedOnToolsVersion = 8.1;
						LastSwiftMigration = 0810;
						ProvisioningStyle = Automatic;
					};
				};
			};
			buildConfigurationList = 6F1EAD5E1DED58370038B041 /* Build configuration list for PBXProject "FingerPrintDemo" */;
			compatibilityVersion = "Xcode 3.2";
			developmentRegion = English;
			hasScannedForEncodings = 0;
			knownRegions = (
				en,
				Base,
			);
			mainGroup = 6F1EAD5A1DED58370038B041;
			productRefGroup = 6F1EAD641DED58370038B041 /* Products */;
			projectDirPath = "";
			projectRoot = "";
			targets = (
				6F1EAD621DED58370038B041 /* FingerPrintDemo */,
			);
		};
/* End PBXProject section */

/* Begin PBXResourcesBuildPhase section */
		6F1EAD611DED58370038B041 /* Resources */ = {
			isa = PBXResourcesBuildPhase;
			buildActionMask = 2147483647;
			files = (
				6FC7DA881DF120D800C4E717 /* btnViewOne.xib in Resources */,
				6F1EAD711DED58370038B041 /* LaunchScreen.storyboard in Resources */,
				6F1EAD6E1DED58370038B041 /* Assets.xcassets in Resources */,
				6F1EAD6C1DED58370038B041 /* Main.storyboard in Resources */,
			);
			runOnlyForDeploymentPostprocessing = 0;
		};
/* End PBXResourcesBuildPhase section */

/* Begin PBXSourcesBuildPhase section */
		6F1EAD5F1DED58370038B041 /* Sources */ = {
			isa = PBXSourcesBuildPhase;
			buildActionMask = 2147483647;
			files = (
				6F1EAD7B1DED5A360038B041 /* ViewControllerTwo.m in Sources */,
				6F1EAD691DED58370038B041 /* ViewController.swift in Sources */,
				6F1EAD671DED58370038B041 /* AppDelegate.swift in Sources */,
				6F0CB8261EB97D4F00D038C9 /* FingerPasswordHelper.swift in Sources */,
			);
			runOnlyForDeploymentPostprocessing = 0;
		};
/* End PBXSourcesBuildPhase section */

/* Begin PBXVariantGroup section */
		6F1EAD6A1DED58370038B041 /* Main.storyboard */ = {
			isa = PBXVariantGroup;
			children = (
				6F1EAD6B1DED58370038B041 /* Base */,
			);
			name = Main.storyboard;
			sourceTree = "<group>";
		};
		6F1EAD6F1DED58370038B041 /* LaunchScreen.storyboard */ = {
			isa = PBXVariantGroup;
			children = (
				6F1EAD701DED58370038B041 /* Base */,
			);
			name = LaunchScreen.storyboard;
			sourceTree = "<group>";
		};
/* End PBXVariantGroup section */

/* Begin XCBuildConfiguration section */
		6F1EAD731DED58370038B041 /* Debug */ = {
			isa = XCBuildConfiguration;
			buildSettings = {
				ALWAYS_SEARCH_USER_PATHS = NO;
				CLANG_ANALYZER_NONNULL = YES;
				CLANG_CXX_LANGUAGE_STANDARD = "gnu++0x";
				CLANG_CXX_LIBRARY = "libc++";
				CLANG_ENABLE_MODULES = YES;
				CLANG_ENABLE_OBJC_ARC = YES;
				CLANG_WARN_BOOL_CONVERSION = YES;
				CLANG_WARN_CONSTANT_CONVERSION = YES;
				CLANG_WARN_DIRECT_OBJC_ISA_USAGE = YES_ERROR;
				CLANG_WARN_DOCUMENTATION_COMMENTS = YES;
				CLANG_WARN_EMPTY_BODY = YES;
				CLANG_WARN_ENUM_CONVERSION = YES;
				CLANG_WARN_INFINITE_RECURSION = YES;
				CLANG_WARN_INT_CONVERSION = YES;
				CLANG_WARN_OBJC_ROOT_CLASS = YES_ERROR;
				CLANG_WARN_SUSPICIOUS_MOVES = YES;
				CLANG_WARN_UNREACHABLE_CODE = YES;
				CLANG_WARN__DUPLICATE_METHOD_MATCH = YES;
				"CODE_SIGN_IDENTITY[sdk=iphoneos*]" = "iPhone Developer";
				COPY_PHASE_STRIP = NO;
				DEBUG_INFORMATION_FORMAT = dwarf;
				ENABLE_STRICT_OBJC_MSGSEND = YES;
				ENABLE_TESTABILITY = YES;
				GCC_C_LANGUAGE_STANDARD = gnu99;
				GCC_DYNAMIC_NO_PIC = NO;
				GCC_NO_COMMON_BLOCKS = YES;
				GCC_OPTIMIZATION_LEVEL = 0;
				GCC_PREPROCESSOR_DEFINITIONS = (
					"DEBUG=1",
					"$(inherited)",
				);
				GCC_WARN_64_TO_32_BIT_CONVERSION = YES;
				GCC_WARN_ABOUT_RETURN_TYPE = YES_ERROR;
				GCC_WARN_UNDECLARED_SELECTOR = YES;
				GCC_WARN_UNINITIALIZED_AUTOS = YES_AGGRESSIVE;
				GCC_WARN_UNUSED_FUNCTION = YES;
				GCC_WARN_UNUSED_VARIABLE = YES;
				IPHONEOS_DEPLOYMENT_TARGET = 8.0;
				MTL_ENABLE_DEBUG_INFO = YES;
				ONLY_ACTIVE_ARCH = YES;
				SDKROOT = iphoneos;
				SWIFT_ACTIVE_COMPILATION_CONDITIONS = DEBUG;
				SWIFT_OPTIMIZATION_LEVEL = "-Onone";
				TARGETED_DEVICE_FAMILY = "1,2";
			};
			name = Debug;
		};
		6F1EAD741DED58370038B041 /* Release */ = {
			isa = XCBuildConfiguration;
			buildSettings = {
				ALWAYS_SEARCH_USER_PATHS = NO;
				CLANG_ANALYZER_NONNULL = YES;
				CLANG_CXX_LANGUAGE_STANDARD = "gnu++0x";
				CLANG_CXX_LIBRARY = "libc++";
				CLANG_ENABLE_MODULES = YES;
				CLANG_ENABLE_OBJC_ARC = YES;
				CLANG_WARN_BOOL_CONVERSION = YES;
				CLANG_WARN_CONSTANT_CONVERSION = YES;
				CLANG_WARN_DIRECT_OBJC_ISA_USAGE = YES_ERROR;
				CLANG_WARN_DOCUMENTATION_COMMENTS = YES;
				CLANG_WARN_EMPTY_BODY = YES;
				CLANG_WARN_ENUM_CONVERSION = YES;
				CLANG_WARN_INFINITE_RECURSION = YES;
				CLANG_WARN_INT_CONVERSION = YES;
				CLANG_WARN_OBJC_ROOT_CLASS = YES_ERROR;
				CLANG_WARN_SUSPICIOUS_MOVES = YES;
				CLANG_WARN_UNREACHABLE_CODE = YES;
				CLANG_WARN__DUPLICATE_METHOD_MATCH = YES;
				"CODE_SIGN_IDENTITY[sdk=iphoneos*]" = "iPhone Developer";
				COPY_PHASE_STRIP = NO;
				DEBUG_INFORMATION_FORMAT = "dwarf-with-dsym";
				ENABLE_NS_ASSERTIONS = NO;
				ENABLE_STRICT_OBJC_MSGSEND = YES;
				GCC_C_LANGUAGE_STANDARD = gnu99;
				GCC_NO_COMMON_BLOCKS = YES;
				GCC_WARN_64_TO_32_BIT_CONVERSION = YES;
				GCC_WARN_ABOUT_RETURN_TYPE = YES_ERROR;
				GCC_WARN_UNDECLARED_SELECTOR = YES;
				GCC_WARN_UNINITIALIZED_AUTOS = YES_AGGRESSIVE;
				GCC_WARN_UNUSED_FUNCTION = YES;
				GCC_WARN_UNUSED_VARIABLE = YES;
				IPHONEOS_DEPLOYMENT_TARGET = 8.0;
				MTL_ENABLE_DEBUG_INFO = NO;
				SDKROOT = iphoneos;
				SWIFT_OPTIMIZATION_LEVEL = "-Owholemodule";
				TARGETED_DEVICE_FAMILY = "1,2";
				VALIDATE_PRODUCT = YES;
			};
			name = Release;
		};
		6F1EAD761DED58370038B041 /* Debug */ = {
			isa = XCBuildConfiguration;
			buildSettings = {
				ASSETCATALOG_COMPILER_APPICON_NAME = AppIcon;
				CLANG_ENABLE_MODULES = YES;
				DEVELOPMENT_TEAM = "";
				INFOPLIST_FILE = FingerPrintDemo/Info.plist;
				LD_RUNPATH_SEARCH_PATHS = "$(inherited) @executable_path/Frameworks";
				PRODUCT_BUNDLE_IDENTIFIER = com.huang.FingerPrintDemo;
				PRODUCT_NAME = "$(TARGET_NAME)";
				SWIFT_OBJC_BRIDGING_HEADER = "FingerPrintDemo/FingerPrintDemo-Bridging-Header.h";
				SWIFT_OPTIMIZATION_LEVEL = "-Onone";
				SWIFT_VERSION = 3.0;
			};
			name = Debug;
		};
		6F1EAD771DED58370038B041 /* Release */ = {
			isa = XCBuildConfiguration;
			buildSettings = {
				ASSETCATALOG_COMPILER_APPICON_NAME = AppIcon;
				CLANG_ENABLE_MODULES = YES;
				DEVELOPMENT_TEAM = "";
				INFOPLIST_FILE = FingerPrintDemo/Info.plist;
				LD_RUNPATH_SEARCH_PATHS = "$(inherited) @executable_path/Frameworks";
				PRODUCT_BUNDLE_IDENTIFIER = com.huang.FingerPrintDemo;
				PRODUCT_NAME = "$(TARGET_NAME)";
				SWIFT_OBJC_BRIDGING_HEADER = "FingerPrintDemo/FingerPrintDemo-Bridging-Header.h";
				SWIFT_VERSION = 3.0;
			};
			name = Release;
		};
/* End XCBuildConfiguration section */

/* Begin XCConfigurationList section */
		6F1EAD5E1DED58370038B041 /* Build configuration list for PBXProject "FingerPrintDemo" */ = {
			isa = XCConfigurationList;
			buildConfigurations = (
				6F1EAD731DED58370038B041 /* Debug */,
				6F1EAD741DED58370038B041 /* Release */,
			);
			defaultConfigurationIsVisible = 0;
			defaultConfigurationName = Release;
		};
		6F1EAD751DED58370038B041 /* Build configuration list for PBXNativeTarget "FingerPrintDemo" */ = {
			isa = XCConfigurationList;
			buildConfigurations = (
				6F1EAD761DED58370038B041 /* Debug */,
				6F1EAD771DED58370038B041 /* Release */,
			);
			defaultConfigurationIsVisible = 0;
			defaultConfigurationName = Release;
		};
/* End XCConfigurationList section */
	};
	rootObject = 6F1EAD5B1DED58370038B041 /* Project object */;
}
